
Microsoft Visual Studio Solution File, Format Version 12.00
# Visual Studio 14
VisualStudioVersion = 14.0.23107.0
MinimumVisualStudioVersion = 10.0.40219.1
Project("{FAE04EC0-301F-11D3-BF4B-00C04F79EFBC}") = "Marketing River", "Marketing River\Marketing River.csproj", "{7C2850F5-6DE2-4653-88A2-7EE1EF271126}"
EndProject
Global
	GlobalSection(SolutionConfigurationPlatforms) = preSolution
		Debug|Any CPU = Debug|Any CPU
		Release|Any CPU = Release|Any CPU
	EndGlobalSection
	GlobalSection(ProjectConfigurationPlatforms) = postSolution
		{7C2850F5-6DE2-4653-88A2-7EE1EF271126}.Debug|Any CPU.ActiveCfg = Debug|Any CPU
		{7C2850F5-6DE2-4653-88A2-7EE1EF271126}.Debug|Any CPU.Build.0 = Debug|Any CPU
		{7C2850F5-6DE2-4653-88A2-7EE1EF271126}.Release|Any CPU.ActiveCfg = Release|Any CPU
		{7C2850F5-6DE2-4653-88A2-7EE1EF271126}.Release|Any CPU.Build.0 = Release|Any CPU
	EndGlobalSection
	GlobalSection(SolutionProperties) = preSolution
		HideSolutionNode = FALSE
	EndGlobalSection
EndGlobal
